github.com/go-resty/resty/v2 v2.6.0 h1:joIR5PNLM2EFqqESUjCMGXrWmXNHEU9CEiK813oKYS4=
github.com/go-resty/resty/v2 v2.6.0/go.mod h1:PwvJS6hvaPkjtjNg9ph+VrSD92bi5Zq73w/BIH7cC3Q=
github.com/gorilla/websocket v1.4.2 h1:+/TMaTYc4QFitKJxsQ7Yye35DkWvkdLcvGKqM+x0Ufc=
github.com/gorilla/websocket v1.4.2/go.mod h1:YR8l580nyteQvAITg2hZ9XVh4b55+EU/adAjf1fMHhE=
github.com/rgamba/evtwebsocket v0.0.0-20181029234908-48b8cd9f8616 h1:CLOrtba3mh42XMLPr+g89SxpQ7PcdsCQEICO655IsxI=
github.com/rgamba/evtwebsocket v0.0.0-20181029234908-48b8cd9f8616/go.mod h1:fpClUynpFcOmPLy6rXe0pEIoDamYH5s5I0SrbDbF4gk=
github.com/sacOO7/go-logger v0.0.0-20180719173527-9ac9add5a50d h1:5T+fbRuQbpi+WZtB2yfuu59r00F6T2HV/zGYrwX8nvE=
github.com/sacOO7/go-logger v0.0.0-20180719173527-9ac9add5a50d/go.mod h1:L5EJe2k8GwpBoGXDRLAEs58R239jpZuE7NNEtW+T7oo=
github.com/sacOO7/gowebsocket v0.0.0-20210515122958-9396f1a71e23 h1:yjnkNJTpQPCx10KF1jypuIhAVc6EYn2M9lJgwSTHQYs=
github.com/sacOO7/gowebsocket v0.0.0-20210515122958-9396f1a71e23/go.mod h1:h00QywbM5Le22ESUiI8Yz2/9TVGD8eAz/cAk55Kcz/E=
github.com/sacOO7/socketcluster-client-go v1.0.0 h1:kzLFBvSU2lWlZ/jNeo6yMJbXwyz+cacGsr7jLYUhCI0=
github.com/sacOO7/socketcluster-client-go v1.0.0/go.mod h1:h3nqc4gLr1thtwWn+i7GqCIJ2nMt0Cunr7qN5WhhgfY=
golang.org/x/crypto v0.0.0-20210513164829-c07d793c2f9a h1:kr2P4QFmQr29mSLA43kwrOcgcReGTfbE9N577tCTuBc=
golang.org/x/crypto v0.0.0-20210513164829-c07d793c2f9a/go.mod h1:P+XmwS30IXTQdn5tA2iutPOUgjI07+tq3H3K9MVA1s8=
golang.org/x/net v0.0.0-20210226172049-e18ecbb05110/go.mod h1:m0MpNAwzfU5UDzcl9v0D8zg8gWTRqZa9RBIspLL5mdg=
golang.org/x/net v0.0.0-20210405180319-a5a99cb37ef4 h1:4nGaVu0QrbjT/AK2PRLuQfQuh6DJve+pELhqTdAj3x0=
golang.org/x/net v0.0.0-20210405180319-a5a99cb37ef4/go.mod h1:p54w0d4576C0XHj96bSt6lcn1PtDYWL6XObtHCRCNQM=
golang.org/x/sys v0.0.0-20201119102817-f84b799fce68/go.mod h1:h1NjWce9XRLGQEsW7wpKNCjG9DtNlClVuFLEZdDNbEs=
golang.org/x/sys v0.0.0-20210330210617-4fbd30eecc44/go.mod h1:h1NjWce9XRLGQEsW7wpKNCjG9DtNlClVuFLEZdDNbEs=
golang.org/x/term v0.0.0-20201126162022-7de9c90e9dd1/go.mod h1:bj7SfCRtBDWHUb9snDiAeCFNEtKQo2Wmx5Cou7ajbmo=
golang.org/x/text v0.3.3/go.mod h1:5Zoc/QRtKVWzQhOtBMvqHzDpF6irO9z98xDceosuGiQ=
golang.org/x/tools v0.0.0-20180917221912-90fa682c2a6e/go.mod h1:n7NCudcB/nEzxVGmLbDWY5pfWTLqBcC2KZ6jyYvM4mQ=
